<?xml version="1.0" encoding="utf-8"?>
<Project ToolsVersion="4.0" xmlns="http://schemas.microsoft.com/developer/msbuild/2003">
  <ItemGroup>
    <Filter Include="Source Files">
      <UniqueIdentifier>{fcfeb4e4-66db-4e66-851e-eab4050ffc1e}</UniqueIdentifier>
    </Filter>
    <Filter Include="Source Files\Renderer">
      <UniqueIdentifier>{5397b1c1-9a30-46e9-939c-7da96b3d26eb}</UniqueIdentifier>
    </Filter>
    <Filter Include="Header Files">
      <UniqueIdentifier>{e28017d7-ac54-477b-86e1-fc580436fca6}</UniqueIdentifier>
    </Filter>
    <Filter Include="Header Files\Renderer">
      <UniqueIdentifier>{e31b9a56-000b-472f-aff4-f89fce48a3f5}</UniqueIdentifier>
    </Filter>
    <Filter Include="Resources">
      <UniqueIdentifier>{41f7fdce-0094-495f-bd12-62c5387b3839}</UniqueIdentifier>
    </Filter>
    <Filter Include="Source Files\Inputs">
      <UniqueIdentifier>{efd85eb0-66b9-4917-843d-20c9850eb7c8}</UniqueIdentifier>
    </Filter>
    <Filter Include="Header Files\Inputs">
      <UniqueIdentifier>{550f5dc5-fd94-4f6b-af25-c57e70372a91}</UniqueIdentifier>
    </Filter>
    <Filter Include="Resources\Shaders">
      <UniqueIdentifier>{cc6aafa3-534b-4cbc-8784-a7a38d982602}</UniqueIdentifier>
    </Filter>
    <Filter Include="Header Files\Interfaces">
      <UniqueIdentifier>{a342e472-2043-40a6-b89e-d82a0f8e8ba1}</UniqueIdentifier>
    </Filter>
  </ItemGroup>
  <ItemGroup>
    <ClCompile Include="Source Files\Camera.cpp">
      <Filter>Source Files</Filter>
    </ClCompile>
    <ClCompile Include="Source Files\main.cpp">
      <Filter>Source Files</Filter>
    </ClCompile>
    <ClCompile Include="Source Files\Engine\Inputs\InputManager.cpp">
      <Filter>Source Files\Inputs</Filter>
    </ClCompile>
    <ClCompile Include="Source Files\Engine\Inputs\PlatformInputAbstraction.cpp">
      <Filter>Source Files\Inputs</Filter>
    </ClCompile>
    <ClCompile Include="Source Files\Engine\Inputs\WindowsInputAbstraction.cpp">
      <Filter>Source Files\Inputs</Filter>
    </ClCompile>
    <ClCompile Include="Source Files\Engine\Renderer\RendererContext.cpp">
      <Filter>Source Files\Renderer</Filter>
    </ClCompile>
    <ClCompile Include="Source Files\Engine\Renderer\Material\Material.cpp">
      <Filter>Source Files\Renderer</Filter>
    </ClCompile>
    <ClCompile Include="Source Files\Engine\Renderer\RendererDeviceManager.cpp">
      <Filter>Source Files\Renderer</Filter>
    </ClCompile>
    <ClCompile Include="Source Files\Engine\Renderer\Renderer.cpp">
      <Filter>Source Files\Renderer</Filter>
    </ClCompile>
    <ClCompile Include="Source Files\Engine\GameObject.cpp">
      <Filter>Source Files</Filter>
    </ClCompile>
    <ClCompile Include="Source Files\Engine\MoonlitEngine.cpp">
      <Filter>Source Files</Filter>
    </ClCompile>
    <ClCompile Include="Source Files\Engine\Component\ObjectBehaviour.cpp">
      <Filter>Source Files</Filter>
    </ClCompile>
    <ClCompile Include="Source Files\Engine\Component\ObjectTest.cpp">
      <Filter>Source Files</Filter>
    </ClCompile>
    <ClCompile Include="Source Files\Engine\Component\ObjectTransform.cpp">
      <Filter>Source Files</Filter>
    </ClCompile>
    <ClCompile Include="Source Files\Engine\Renderer\DrawBuffer.cpp">
      <Filter>Source Files\Renderer</Filter>
    </ClCompile>
    <ClCompile Include="Source Files\ResourceManagement\MeshBank.cpp">
      <Filter>Source Files\Renderer</Filter>
    </ClCompile>
    <ClCompile Include="Source Files\ResourceManagement\TextureBank.cpp" />
    <ClCompile Include="Source Files\ResourceManagement\ImageHelper.cpp" />
    <ClCompile Include="Source Files\ResourceManagement\FileHelper.cpp" />
    <ClCompile Include="Source Files\Engine\Renderer\RenderTarget.cpp" />
    <ClCompile Include="Source Files\Engine\Renderer\BufferDeviceLink.cpp">
      <Filter>Source Files\Renderer</Filter>
    </ClCompile>
    <ClCompile Include="Source Files\Engine\Renderer\Material\MaterialInstance.cpp" />
    <ClCompile Include="Source Files\Engine\Inputs\QtEventReader.cpp" />
    <ClCompile Include="Source Files\Debug\Logger.cpp" />
  </ItemGroup>
  <ItemGroup>
    <ClInclude Include="Header Files\Engine\GameObject.h">
      <Filter>Header Files</Filter>
    </ClInclude>
    <ClInclude Include="Header Files\Engine\Components\MeshRenderer.h">
      <Filter>Header Files</Filter>
    </ClInclude>
    <ClInclude Include="Header Files\MoonlitEngine.h">
      <Filter>Header Files</Filter>
    </ClInclude>
    <ClInclude Include="Header Files\Engine\Components\ObjectBehaviour.h">
      <Filter>Header Files</Filter>
    </ClInclude>
    <ClInclude Include="Header Files\Engine\Components\ObjectTest.h">
      <Filter>Header Files</Filter>
    </ClInclude>
    <ClInclude Include="Header Files\Engine\Components\ObjectTransform.h">
      <Filter>Header Files</Filter>
    </ClInclude>
    <ClInclude Include="Header Files\ResourceManagement\ResourceBank.h">
      <Filter>Header Files</Filter>
    </ClInclude>
    <ClInclude Include="Header Files\ResourceManagement\ResourceManager.h">
      <Filter>Header Files</Filter>
    </ClInclude>
    <ClInclude Include="Header Files\Interfaces\ISingleton.h">
      <Filter>Header Files\Interfaces</Filter>
    </ClInclude>
    <ClInclude Include="Header Files\Engine\Renderer\DrawBuffer.h">
      <Filter>Header Files\Renderer</Filter>
    </ClInclude>
    <ClInclude Include="Header Files\ResourceManagement\MeshBank.h">
      <Filter>Header Files\Renderer</Filter>
    </ClInclude>
    <ClInclude Include="Header Files\ResourceManagement\TextureData.h" />
    <ClInclude Include="Header Files\ResourceManagement\TextureBank.h" />
    <ClInclude Include="Header Files\Engine\MoonlitEngine.h" />
    <ClInclude Include="Header Files\MoonlitExport.h" />
    <ClInclude Include="Header Files\ResourceManagement\ImageHelper.h" />
    <ClInclude Include="Header Files\ResourceManagement\FileHelper.h" />
    <ClInclude Include="Header Files\Engine\Renderer\RenderTarget.h" />
    <ClInclude Include="Header Files\Engine\Renderer\BufferDeviceLink.h" />
    <ClInclude Include="Header Files\Engine\Renderer\Material\MaterialInstance.h" />
    <ClInclude Include="Header Files\Engine\Inputs\QtEventReader.h" />
    <ClInclude Include="Header Files\Debug\Logger.h" />
  </ItemGroup>
  <ItemGroup>
    <ClInclude Include="Header Files\Engine\Inputs\InputManager.h">
      <Filter>Header Files\Inputs</Filter>
    </ClInclude>
    <ClInclude Include="Header Files\Engine\Inputs\Inputs.h">
      <Filter>Header Files\Inputs</Filter>
    </ClInclude>
    <ClInclude Include="Header Files\Engine\Inputs\PlatformInputAbstraction.h">
      <Filter>Header Files\Inputs</Filter>
    </ClInclude>
    <ClInclude Include="Header Files\Engine\Inputs\WindowsInputAbstraction.h">
      <Filter>Header Files\Inputs</Filter>
    </ClInclude>
    <ClInclude Include="Header Files\Engine\Renderer\RendererContext.h">
      <Filter>Header Files\Renderer</Filter>
    </ClInclude>
    <ClInclude Include="Header Files\Engine\Renderer\Material\Material.h">
      <Filter>Header Files\Renderer</Filter>
    </ClInclude>
    <ClInclude Include="Header Files\Engine\Renderer\RendererDeviceManager.h">
      <Filter>Header Files\Renderer</Filter>
    </ClInclude>
    <ClInclude Include="Header Files\Engine\Renderer\VulkanHelperFunctions.h">
      <Filter>Header Files\Renderer</Filter>
    </ClInclude>
    <ClInclude Include="Header Files\Engine\Renderer\Renderer.h">
      <Filter>Header Files\Renderer</Filter>
    </ClInclude>
    <ClInclude Include="Header Files\Camera.h">
      <Filter>Header Files</Filter>
    </ClInclude>
    <ClInclude Include="Header Files\common.h">
      <Filter>Header Files</Filter>
    </ClInclude>
    <ClInclude Include="Header Files\MoonlitVulkan.h">
      <Filter>Header Files</Filter>
    </ClInclude>
    <ClInclude Include="Header Files\MoonlitVulkanExport.h">
      <Filter>Header Files</Filter>
    </ClInclude>
  </ItemGroup>
  <ItemGroup>
    <None Include="Resources\Shaders\frag.spv">
      <Filter>Resources\Shaders</Filter>
    </None>
    <None Include="Resources\Shaders\shader.frag">
      <Filter>Resources\Shaders</Filter>
    </None>
    <None Include="Resources\Shaders\shader.vert">
      <Filter>Resources\Shaders</Filter>
    </None>
    <None Include="Resources\Shaders\vert.spv">
      <Filter>Resources\Shaders</Filter>
    </None>
    <None Include="Resources\Shaders\BaseMaterial.slang">
      <Filter>Resources\Shaders</Filter>
    </None>
  </ItemGroup>
</Project>